#MicroXplorer Configuration settings - do not modify
Mcu.Family=STM32G4
ProjectManager.MainLocation=Core/Src
RCC.USART1Freq_Value=170000000
RCC.SAI1Freq_Value=170000000
RCC.CortexFreq_Value=170000000
ProjectManager.KeepUserCode=true
Mcu.UserName=STM32G474RBTx
SPI2.VirtualType=VM_MASTER
PC10.Signal=UART4_TX
PC12.Signal=UART5_TX
PC7.Locked=true
ProjectManager.functionlistsort=1-MX_GPIO_Init-GPIO-false-HAL-true,2-SystemClock_Config-RCC-false-HAL-false,3-MX_SPI2_Init-SPI2-false-HAL-true,4-MX_USB_PCD_Init-USB-false-HAL-true,5-MX_I2C3_Init-I2C3-false-HAL-true,6-MX_UART4_Init-UART4-false-HAL-true,7-MX_UART5_Init-UART5-false-HAL-true,8-MX_FDCAN2_Init-FDCAN2-false-HAL-true
PA11.Mode=Device
RCC.USART2Freq_Value=170000000
PB15.Signal=SPI2_MOSI
PB13.Signal=SPI2_SCK
PinOutPanel.RotationAngle=-180
RCC.MCO1PinFreq_Value=16000000
RCC.SYSCLKSource=RCC_SYSCLKSOURCE_PLLCLK
ProjectManager.StackSize=0x400
RCC.I2C3Freq_Value=170000000
RCC.LPTIM1Freq_Value=170000000
Mcu.IP4=SPI2
RCC.FCLKCortexFreq_Value=170000000
Mcu.IP5=SYS
Mcu.IP2=NVIC
NVIC.SVCall_IRQn=true\:0\:0\:false\:false\:true\:false\:false
Mcu.IP3=RCC
Mcu.IP0=FDCAN2
Mcu.IP1=I2C3
PA12.Signal=USB_DP
Mcu.UserConstants=
Mcu.ThirdPartyNb=0
RCC.HCLKFreq_Value=170000000
RCC.I2C4Freq_Value=170000000
Mcu.IPNb=9
ProjectManager.PreviousToolchain=
RCC.APB2TimFreq_Value=170000000
PB6.Signal=FDCAN2_TX
PC7.Signal=GPIO_Output
PB6.Mode=FDCAN_Activate
Mcu.Pin6=PC6
Mcu.Pin7=PC7
Mcu.Pin8=PC8
Mcu.Pin9=PC9
RCC.AHBFreq_Value=170000000
SPI2.BaudRatePrescaler=SPI_BAUDRATEPRESCALER_4
Mcu.Pin0=PF0-OSC_IN
Mcu.Pin1=PF1-OSC_OUT
GPIO.groupedBy=Group By Peripherals
Mcu.Pin2=PB12
Mcu.Pin3=PB13
RCC.USART3Freq_Value=170000000
Mcu.Pin4=PB14
Mcu.Pin5=PB15
I2C3.IPParameters=Timing
ProjectManager.ProjectBuild=false
RCC.HSE_VALUE=8000000
NVIC.UsageFault_IRQn=true\:0\:0\:false\:false\:true\:false\:false
NVIC.DebugMonitor_IRQn=true\:0\:0\:false\:false\:true\:false\:false
PB3.Mode=Trace_Asynchronous_SW
RCC.ADC12Freq_Value=170000000
NVIC.SysTick_IRQn=true\:0\:0\:false\:false\:true\:false\:true
ProjectManager.FirmwarePackage=STM32Cube FW_G4 V1.4.0
MxDb.Version=DB.6.0.20
ProjectManager.BackupPrevious=false
RCC.VCOInputFreq_Value=4000000
PA14.Mode=Trace_Asynchronous_SW
PB14.Mode=Full_Duplex_Master
File.Version=6
PC9.Mode=I2C
SPI2.CalculateBaudRate=42.5 MBits/s
VP_SYS_VS_DBSignals.Mode=DisableDeadBatterySignals
PA8.Signal=I2C3_SCL
RCC.PLLRCLKFreq_Value=170000000
NVIC.PendSV_IRQn=true\:0\:0\:false\:false\:true\:false\:false
ProjectManager.HalAssertFull=false
ProjectManager.ProjectName=modFOC
RCC.CRSFreq_Value=48000000
PB9.Signal=GPIO_Input
Mcu.Package=LQFP64
PB12.Mode=FDCAN_Activate
SPI2.Mode=SPI_MODE_MASTER
ProjectManager.ToolChainLocation=
RCC.LSI_VALUE=32000
VP_SYS_VS_Systick.Signal=SYS_VS_Systick
RCC.LSCOPinFreq_Value=32000
PC11.Mode=Asynchronous
I2C3.Timing=0x30A0A7FB
RCC.PLLPoutputFreq_Value=170000000
RCC.APB1TimFreq_Value=170000000
NVIC.BusFault_IRQn=true\:0\:0\:false\:false\:true\:false\:false
RCC.LPUART1Freq_Value=170000000
SPI2.Direction=SPI_DIRECTION_2LINES
PB13.Mode=Full_Duplex_Master
RCC.CK48CLockSelection=RCC_USBCLKSOURCE_HSI48
PF1-OSC_OUT.Mode=HSE-External-Oscillator
ProjectManager.CustomerFirmwarePackage=
PF1-OSC_OUT.Signal=RCC_OSC_OUT
RCC.HSI48_VALUE=48000000
RCC.HRTIM1Freq_Value=170000000
RCC.PLLSourceVirtual=RCC_PLLSOURCE_HSE
RCC.I2SFreq_Value=170000000
RCC.PLLQoutputFreq_Value=170000000
ProjectManager.ProjectFileName=modFOC.ioc
Mcu.PinsNb=25
ProjectManager.NoMain=false
PC11.Signal=UART4_RX
PC8.Signal=GPIO_Output
PC6.Signal=GPIO_Output
PC10.Mode=Asynchronous
RCC.EXTERNAL_CLOCK_VALUE=12288000
ProjectManager.DefaultFWLocation=true
ProjectManager.DeletePrevious=true
RCC.QSPIFreq_Value=170000000
RCC.FamilyName=M
PB8-BOOT0.Locked=true
PA13.Signal=SYS_JTMS-SWDIO
ProjectManager.TargetToolchain=STM32CubeIDE
PC6.Locked=true
PB9.Locked=true
SPI2.IPParameters=VirtualType,Mode,Direction,CalculateBaudRate,BaudRatePrescaler
ProjectManager.RegisterCallBack=
RCC.USBFreq_Value=48000000
RCC.LSE_VALUE=32768
PF0-OSC_IN.Mode=HSE-External-Oscillator
PB14.Signal=SPI2_MISO
PD2.Mode=Asynchronous
PC12.Mode=Asynchronous
PB8-BOOT0.Signal=GPIO_Input
board=custom
RCC.VCOOutputFreq_Value=340000000
ProjectManager.LastFirmware=true
PB15.Mode=Full_Duplex_Master
RCC.ADC345Freq_Value=170000000
RCC.APB2Freq_Value=170000000
RCC.UART4Freq_Value=170000000
MxCube.Version=6.2.0
RCC.I2C1Freq_Value=170000000
VP_SYS_VS_DBSignals.Signal=SYS_VS_DBSignals
RCC.FDCANFreq_Value=170000000
RCC.RNGFreq_Value=48000000
VP_SYS_VS_Systick.Mode=SysTick
NVIC.NonMaskableInt_IRQn=true\:0\:0\:false\:false\:true\:false\:false
RCC.UART5Freq_Value=170000000
PA13.Mode=Trace_Asynchronous_SW
ProjectManager.FreePins=false
RCC.IPParameters=ADC12Freq_Value,ADC345Freq_Value,AHBFreq_Value,APB1Freq_Value,APB1TimFreq_Value,APB2Freq_Value,APB2TimFreq_Value,CK48CLockSelection,CRSFreq_Value,CortexFreq_Value,EXTERNAL_CLOCK_VALUE,FCLKCortexFreq_Value,FDCANFreq_Value,FamilyName,HCLKFreq_Value,HRTIM1Freq_Value,HSE_VALUE,HSI48_VALUE,HSI_VALUE,I2C1Freq_Value,I2C2Freq_Value,I2C3Freq_Value,I2C4Freq_Value,I2SFreq_Value,LPTIM1Freq_Value,LPUART1Freq_Value,LSCOPinFreq_Value,LSE_VALUE,LSI_VALUE,MCO1PinFreq_Value,PLLM,PLLN,PLLPoutputFreq_Value,PLLQoutputFreq_Value,PLLRCLKFreq_Value,PLLSourceVirtual,PWRFreq_Value,QSPIFreq_Value,RNGFreq_Value,SAI1Freq_Value,SYSCLKFreq_VALUE,SYSCLKSource,UART4Freq_Value,UART5Freq_Value,USART1Freq_Value,USART2Freq_Value,USART3Freq_Value,USBFreq_Value,VCOInputFreq_Value,VCOOutputFreq_Value
ProjectManager.AskForMigrate=true
Mcu.Name=STM32G474R(B-C-E)Tx
Mcu.Pin24=VP_SYS_VS_DBSignals
ProjectManager.UnderRoot=true
Mcu.IP8=USB
Mcu.IP6=UART4
Mcu.IP7=UART5
ProjectManager.CoupleFile=false
PB3.Signal=SYS_JTDO-SWO
RCC.SYSCLKFreq_VALUE=170000000
Mcu.Pin22=PB9
Mcu.Pin23=VP_SYS_VS_Systick
Mcu.Pin20=PB6
Mcu.Pin21=PB8-BOOT0
PA12.Mode=Device
NVIC.ForceEnableDMAVector=true
KeepUserPlacement=false
NVIC.MemoryManagement_IRQn=true\:0\:0\:false\:false\:true\:false\:false
ProjectManager.CompilerOptimize=6
PA11.Signal=USB_DM
PA14.Signal=SYS_JTCK-SWCLK
ProjectManager.HeapSize=0x200
Mcu.Pin15=PC10
NVIC.HardFault_IRQn=true\:0\:0\:false\:false\:true\:false\:false
Mcu.Pin16=PC11
Mcu.Pin13=PA13
Mcu.Pin14=PA14
Mcu.Pin19=PB3
ProjectManager.ComputerToolchain=false
Mcu.Pin17=PC12
RCC.HSI_VALUE=16000000
Mcu.Pin18=PD2
NVIC.PriorityGroup=NVIC_PRIORITYGROUP_4
Mcu.Pin11=PA11
Mcu.Pin12=PA12
RCC.PLLM=RCC_PLLM_DIV2
RCC.PLLN=85
Mcu.Pin10=PA8
RCC.PWRFreq_Value=170000000
PC8.Locked=true
PA8.Mode=I2C
PC9.Signal=I2C3_SDA
PF0-OSC_IN.Signal=RCC_OSC_IN
PD2.Signal=UART5_RX
RCC.I2C2Freq_Value=170000000
RCC.APB1Freq_Value=170000000
ProjectManager.DeviceId=STM32G474RBTx
PB12.Signal=FDCAN2_RX
ProjectManager.LibraryCopy=1
isbadioc=true
